
Microsoft Visual Studio Solution File, Format Version 12.00
Project("{FAE04EC0-301F-11D3-BF4B-00C04F79EFBC}") = "Labs_8", "Labs_8.csproj", "{AC7305FD-B80B-46A8-96D4-3817AC3F15C0}"
EndProject
Global
	GlobalSection(SolutionConfigurationPlatforms) = preSolution
		Debug|Any CPU = Debug|Any CPU
		Release|Any CPU = Release|Any CPU
	EndGlobalSection
	GlobalSection(ProjectConfigurationPlatforms) = postSolution
		{AC7305FD-B80B-46A8-96D4-3817AC3F15C0}.Debug|Any CPU.ActiveCfg = Debug|Any CPU
		{AC7305FD-B80B-46A8-96D4-3817AC3F15C0}.Debug|Any CPU.Build.0 = Debug|Any CPU
		{AC7305FD-B80B-46A8-96D4-3817AC3F15C0}.Release|Any CPU.ActiveCfg = Release|Any CPU
		{AC7305FD-B80B-46A8-96D4-3817AC3F15C0}.Release|Any CPU.Build.0 = Release|Any CPU
	EndGlobalSection
EndGlobal
